// !$*UTF8*$!
{
	archiveVersion = 1;
	classes = {
	};
	objectVersion = 55;
	objects = {

/* Begin PBXBuildFile section */
		A1EDFAE22875897C00AC594F /* AppDelegate.swift in Sources */ = {isa = PBXBuildFile; fileRef = A1EDFAE12875897C00AC594F /* AppDelegate.swift */; };
		A1EDFAE42875897C00AC594F /* SceneDelegate.swift in Sources */ = {isa = PBXBuildFile; fileRef = A1EDFAE32875897C00AC594F /* SceneDelegate.swift */; };
		A1EDFAE72875897C00AC594F /* LaunchScreen.storyboard in Resources */ = {isa = PBXBuildFile; fileRef = A1EDFAE52875897C00AC594F /* LaunchScreen.storyboard */; };
		A1EDFAEA2875897C00AC594F /* Main.storyboard in Resources */ = {isa = PBXBuildFile; fileRef = A1EDFAE82875897C00AC594F /* Main.storyboard */; };
		A1EDFAF32875897C00AC594F /* AppDelegate.swift in Sources */ = {isa = PBXBuildFile; fileRef = A1EDFAF22875897C00AC594F /* AppDelegate.swift */; };
		A1EDFAF62875897C00AC594F /* Main.storyboard in Resources */ = {isa = PBXBuildFile; fileRef = A1EDFAF42875897C00AC594F /* Main.storyboard */; };
		A1EDFAFE2875897C00AC594F /* Chrome React SEO Extension made by Phuc Extension.appex in Embed App Extensions */ = {isa = PBXBuildFile; fileRef = A1EDFAFD2875897C00AC594F /* Chrome React SEO Extension made by Phuc Extension.appex */; settings = {ATTRIBUTES = (RemoveHeadersOnCopy, ); }; };
		A1EDFB082875897C00AC594F /* Chrome React SEO Extension made by Phuc Extension.appex in Embed App Extensions */ = {isa = PBXBuildFile; fileRef = A1EDFB072875897C00AC594F /* Chrome React SEO Extension made by Phuc Extension.appex */; settings = {ATTRIBUTES = (RemoveHeadersOnCopy, ); }; };
		A1EDFB0E2875897C00AC594F /* Main.html in Resources */ = {isa = PBXBuildFile; fileRef = A1EDFAD12875897B00AC594F /* Main.html */; };
		A1EDFB0F2875897C00AC594F /* Main.html in Resources */ = {isa = PBXBuildFile; fileRef = A1EDFAD12875897B00AC594F /* Main.html */; };
		A1EDFB102875897C00AC594F /* Icon.png in Resources */ = {isa = PBXBuildFile; fileRef = A1EDFAD32875897B00AC594F /* Icon.png */; };
		A1EDFB112875897C00AC594F /* Icon.png in Resources */ = {isa = PBXBuildFile; fileRef = A1EDFAD32875897B00AC594F /* Icon.png */; };
		A1EDFB122875897C00AC594F /* Style.css in Resources */ = {isa = PBXBuildFile; fileRef = A1EDFAD42875897B00AC594F /* Style.css */; };
		A1EDFB132875897C00AC594F /* Style.css in Resources */ = {isa = PBXBuildFile; fileRef = A1EDFAD42875897B00AC594F /* Style.css */; };
		A1EDFB142875897C00AC594F /* Script.js in Resources */ = {isa = PBXBuildFile; fileRef = A1EDFAD52875897B00AC594F /* Script.js */; };
		A1EDFB152875897C00AC594F /* Script.js in Resources */ = {isa = PBXBuildFile; fileRef = A1EDFAD52875897B00AC594F /* Script.js */; };
		A1EDFB162875897C00AC594F /* ViewController.swift in Sources */ = {isa = PBXBuildFile; fileRef = A1EDFAD62875897B00AC594F /* ViewController.swift */; };
		A1EDFB172875897C00AC594F /* ViewController.swift in Sources */ = {isa = PBXBuildFile; fileRef = A1EDFAD62875897B00AC594F /* ViewController.swift */; };
		A1EDFB182875897C00AC594F /* Assets.xcassets in Resources */ = {isa = PBXBuildFile; fileRef = A1EDFAD72875897C00AC594F /* Assets.xcassets */; };
		A1EDFB192875897C00AC594F /* Assets.xcassets in Resources */ = {isa = PBXBuildFile; fileRef = A1EDFAD72875897C00AC594F /* Assets.xcassets */; };
		A1EDFB1A2875897C00AC594F /* SafariWebExtensionHandler.swift in Sources */ = {isa = PBXBuildFile; fileRef = A1EDFAD92875897C00AC594F /* SafariWebExtensionHandler.swift */; };
		A1EDFB1B2875897C00AC594F /* SafariWebExtensionHandler.swift in Sources */ = {isa = PBXBuildFile; fileRef = A1EDFAD92875897C00AC594F /* SafariWebExtensionHandler.swift */; };
		A1EDFB352875897C00AC594F /* favicon.ico in Resources */ = {isa = PBXBuildFile; fileRef = A1EDFB2D2875897C00AC594F /* favicon.ico */; };
		A1EDFB362875897C00AC594F /* index.html in Resources */ = {isa = PBXBuildFile; fileRef = A1EDFB2E2875897C00AC594F /* index.html */; };
		A1EDFB372875897C00AC594F /* logo512.png in Resources */ = {isa = PBXBuildFile; fileRef = A1EDFB2F2875897C00AC594F /* logo512.png */; };
		A1EDFB382875897C00AC594F /* asset-manifest.json in Resources */ = {isa = PBXBuildFile; fileRef = A1EDFB302875897C00AC594F /* asset-manifest.json */; };
		A1EDFB392875897C00AC594F /* static in Resources */ = {isa = PBXBuildFile; fileRef = A1EDFB312875897C00AC594F /* static */; };
		A1EDFB3A2875897C00AC594F /* manifest.json in Resources */ = {isa = PBXBuildFile; fileRef = A1EDFB322875897C00AC594F /* manifest.json */; };
		A1EDFB3B2875897C00AC594F /* robots.txt in Resources */ = {isa = PBXBuildFile; fileRef = A1EDFB332875897C00AC594F /* robots.txt */; };
		A1EDFB3C2875897C00AC594F /* logo192.png in Resources */ = {isa = PBXBuildFile; fileRef = A1EDFB342875897C00AC594F /* logo192.png */; };
		A1EDFB3D2875897C00AC594F /* favicon.ico in Resources */ = {isa = PBXBuildFile; fileRef = A1EDFB2D2875897C00AC594F /* favicon.ico */; };
		A1EDFB3E2875897C00AC594F /* index.html in Resources */ = {isa = PBXBuildFile; fileRef = A1EDFB2E2875897C00AC594F /* index.html */; };
		A1EDFB3F2875897C00AC594F /* logo512.png in Resources */ = {isa = PBXBuildFile; fileRef = A1EDFB2F2875897C00AC594F /* logo512.png */; };
		A1EDFB402875897C00AC594F /* asset-manifest.json in Resources */ = {isa = PBXBuildFile; fileRef = A1EDFB302875897C00AC594F /* asset-manifest.json */; };
		A1EDFB412875897C00AC594F /* static in Resources */ = {isa = PBXBuildFile; fileRef = A1EDFB312875897C00AC594F /* static */; };
		A1EDFB422875897C00AC594F /* manifest.json in Resources */ = {isa = PBXBuildFile; fileRef = A1EDFB322875897C00AC594F /* manifest.json */; };
		A1EDFB432875897C00AC594F /* robots.txt in Resources */ = {isa = PBXBuildFile; fileRef = A1EDFB332875897C00AC594F /* robots.txt */; };
		A1EDFB442875897C00AC594F /* logo192.png in Resources */ = {isa = PBXBuildFile; fileRef = A1EDFB342875897C00AC594F /* logo192.png */; };
/* End PBXBuildFile section */

/* Begin PBXContainerItemProxy section */
		A1EDFAFF2875897C00AC594F /* PBXContainerItemProxy */ = {
			isa = PBXContainerItemProxy;
			containerPortal = A1EDFACB2875897B00AC594F /* Project object */;
			proxyType = 1;
			remoteGlobalIDString = A1EDFAFC2875897C00AC594F;
			remoteInfo = "Chrome React SEO Extension made by Phuc Extension (iOS)";
		};
		A1EDFB092875897C00AC594F /* PBXContainerItemProxy */ = {
			isa = PBXContainerItemProxy;
			containerPortal = A1EDFACB2875897B00AC594F /* Project object */;
			proxyType = 1;
			remoteGlobalIDString = A1EDFB062875897C00AC594F;
			remoteInfo = "Chrome React SEO Extension made by Phuc Extension (macOS)";
		};
/* End PBXContainerItemProxy section */

/* Begin PBXCopyFilesBuildPhase section */
		A1EDFB212875897C00AC594F /* Embed App Extensions */ = {
			isa = PBXCopyFilesBuildPhase;
			buildActionMask = 2147483647;
			dstPath = "";
			dstSubfolderSpec = 13;
			files = (
				A1EDFAFE2875897C00AC594F /* Chrome React SEO Extension made by Phuc Extension.appex in Embed App Extensions */,
			);
			name = "Embed App Extensions";
			runOnlyForDeploymentPostprocessing = 0;
		};
		A1EDFB282875897C00AC594F /* Embed App Extensions */ = {
			isa = PBXCopyFilesBuildPhase;
			buildActionMask = 2147483647;
			dstPath = "";
			dstSubfolderSpec = 13;
			files = (
				A1EDFB082875897C00AC594F /* Chrome React SEO Extension made by Phuc Extension.appex in Embed App Extensions */,
			);
			name = "Embed App Extensions";
			runOnlyForDeploymentPostprocessing = 0;
		};
/* End PBXCopyFilesBuildPhase section */

/* Begin PBXFileReference section */
		A1EDFAD22875897B00AC594F /* Base */ = {isa = PBXFileReference; lastKnownFileType = text.html; name = Base; path = ../Base.lproj/Main.html; sourceTree = "<group>"; };
		A1EDFAD32875897B00AC594F /* Icon.png */ = {isa = PBXFileReference; lastKnownFileType = image.png; path = Icon.png; sourceTree = "<group>"; };
		A1EDFAD42875897B00AC594F /* Style.css */ = {isa = PBXFileReference; lastKnownFileType = text.css; path = Style.css; sourceTree = "<group>"; };
		A1EDFAD52875897B00AC594F /* Script.js */ = {isa = PBXFileReference; lastKnownFileType = sourcecode.javascript; path = Script.js; sourceTree = "<group>"; };
		A1EDFAD62875897B00AC594F /* ViewController.swift */ = {isa = PBXFileReference; lastKnownFileType = sourcecode.swift; path = ViewController.swift; sourceTree = "<group>"; };
		A1EDFAD72875897C00AC594F /* Assets.xcassets */ = {isa = PBXFileReference; lastKnownFileType = folder.assetcatalog; path = Assets.xcassets; sourceTree = "<group>"; };
		A1EDFAD92875897C00AC594F /* SafariWebExtensionHandler.swift */ = {isa = PBXFileReference; lastKnownFileType = sourcecode.swift; path = SafariWebExtensionHandler.swift; sourceTree = "<group>"; };
		A1EDFADE2875897C00AC594F /* Chrome React SEO Extension made by Phuc.app */ = {isa = PBXFileReference; explicitFileType = wrapper.application; includeInIndex = 0; path = "Chrome React SEO Extension made by Phuc.app"; sourceTree = BUILT_PRODUCTS_DIR; };
		A1EDFAE12875897C00AC594F /* AppDelegate.swift */ = {isa = PBXFileReference; lastKnownFileType = sourcecode.swift; path = AppDelegate.swift; sourceTree = "<group>"; };
		A1EDFAE32875897C00AC594F /* SceneDelegate.swift */ = {isa = PBXFileReference; lastKnownFileType = sourcecode.swift; path = SceneDelegate.swift; sourceTree = "<group>"; };
		A1EDFAE62875897C00AC594F /* Base */ = {isa = PBXFileReference; lastKnownFileType = file.storyboard; name = Base; path = Base.lproj/LaunchScreen.storyboard; sourceTree = "<group>"; };
		A1EDFAE92875897C00AC594F /* Base */ = {isa = PBXFileReference; lastKnownFileType = file.storyboard; name = Base; path = Base.lproj/Main.storyboard; sourceTree = "<group>"; };
		A1EDFAEB2875897C00AC594F /* Info.plist */ = {isa = PBXFileReference; lastKnownFileType = text.plist.xml; path = Info.plist; sourceTree = "<group>"; };
		A1EDFAF02875897C00AC594F /* Chrome React SEO Extension made by Phuc.app */ = {isa = PBXFileReference; explicitFileType = wrapper.application; includeInIndex = 0; path = "Chrome React SEO Extension made by Phuc.app"; sourceTree = BUILT_PRODUCTS_DIR; };
		A1EDFAF22875897C00AC594F /* AppDelegate.swift */ = {isa = PBXFileReference; lastKnownFileType = sourcecode.swift; path = AppDelegate.swift; sourceTree = "<group>"; };
		A1EDFAF52875897C00AC594F /* Base */ = {isa = PBXFileReference; lastKnownFileType = file.storyboard; name = Base; path = Base.lproj/Main.storyboard; sourceTree = "<group>"; };
		A1EDFAF72875897C00AC594F /* Info.plist */ = {isa = PBXFileReference; lastKnownFileType = text.plist.xml; path = Info.plist; sourceTree = "<group>"; };
		A1EDFAF82875897C00AC594F /* Chrome React SEO Extension made by Phuc.entitlements */ = {isa = PBXFileReference; lastKnownFileType = text.plist.entitlements; path = "Chrome React SEO Extension made by Phuc.entitlements"; sourceTree = "<group>"; };
		A1EDFAFD2875897C00AC594F /* Chrome React SEO Extension made by Phuc Extension.appex */ = {isa = PBXFileReference; explicitFileType = "wrapper.app-extension"; includeInIndex = 0; path = "Chrome React SEO Extension made by Phuc Extension.appex"; sourceTree = BUILT_PRODUCTS_DIR; };
		A1EDFB022875897C00AC594F /* Info.plist */ = {isa = PBXFileReference; lastKnownFileType = text.plist.xml; path = Info.plist; sourceTree = "<group>"; };
		A1EDFB072875897C00AC594F /* Chrome React SEO Extension made by Phuc Extension.appex */ = {isa = PBXFileReference; explicitFileType = "wrapper.app-extension"; includeInIndex = 0; path = "Chrome React SEO Extension made by Phuc Extension.appex"; sourceTree = BUILT_PRODUCTS_DIR; };
		A1EDFB0C2875897C00AC594F /* Info.plist */ = {isa = PBXFileReference; lastKnownFileType = text.plist.xml; path = Info.plist; sourceTree = "<group>"; };
		A1EDFB0D2875897C00AC594F /* Chrome React SEO Extension made by Phuc.entitlements */ = {isa = PBXFileReference; lastKnownFileType = text.plist.entitlements; path = "Chrome React SEO Extension made by Phuc.entitlements"; sourceTree = "<group>"; };
		A1EDFB2D2875897C00AC594F /* favicon.ico */ = {isa = PBXFileReference; lastKnownFileType = image.ico; name = favicon.ico; path = ../../build/favicon.ico; sourceTree = "<group>"; };
		A1EDFB2E2875897C00AC594F /* index.html */ = {isa = PBXFileReference; lastKnownFileType = text.html; name = index.html; path = ../../build/index.html; sourceTree = "<group>"; };
		A1EDFB2F2875897C00AC594F /* logo512.png */ = {isa = PBXFileReference; lastKnownFileType = image.png; name = logo512.png; path = ../../build/logo512.png; sourceTree = "<group>"; };
		A1EDFB302875897C00AC594F /* asset-manifest.json */ = {isa = PBXFileReference; lastKnownFileType = text.json; name = "asset-manifest.json"; path = "../../build/asset-manifest.json"; sourceTree = "<group>"; };
		A1EDFB312875897C00AC594F /* static */ = {isa = PBXFileReference; lastKnownFileType = folder; name = static; path = ../../build/static; sourceTree = "<group>"; };
		A1EDFB322875897C00AC594F /* manifest.json */ = {isa = PBXFileReference; lastKnownFileType = text.json; name = manifest.json; path = ../../build/manifest.json; sourceTree = "<group>"; };
		A1EDFB332875897C00AC594F /* robots.txt */ = {isa = PBXFileReference; lastKnownFileType = text; name = robots.txt; path = ../../build/robots.txt; sourceTree = "<group>"; };
		A1EDFB342875897C00AC594F /* logo192.png */ = {isa = PBXFileReference; lastKnownFileType = image.png; name = logo192.png; path = ../../build/logo192.png; sourceTree = "<group>"; };
/* End PBXFileReference section */

/* Begin PBXFrameworksBuildPhase section */
		A1EDFADB2875897C00AC594F /* Frameworks */ = {
			isa = PBXFrameworksBuildPhase;
			buildActionMask = 2147483647;
			files = (
			);
			runOnlyForDeploymentPostprocessing = 0;
		};
		A1EDFAED2875897C00AC594F /* Frameworks */ = {
			isa = PBXFrameworksBuildPhase;
			buildActionMask = 2147483647;
			files = (
			);
			runOnlyForDeploymentPostprocessing = 0;
		};
		A1EDFAFA2875897C00AC594F /* Frameworks */ = {
			isa = PBXFrameworksBuildPhase;
			buildActionMask = 2147483647;
			files = (
			);
			runOnlyForDeploymentPostprocessing = 0;
		};
		A1EDFB042875897C00AC594F /* Frameworks */ = {
			isa = PBXFrameworksBuildPhase;
			buildActionMask = 2147483647;
			files = (
			);
			runOnlyForDeploymentPostprocessing = 0;
		};
/* End PBXFrameworksBuildPhase section */

/* Begin PBXGroup section */
		A1EDFACA2875897B00AC594F = {
			isa = PBXGroup;
			children = (
				A1EDFACF2875897B00AC594F /* Shared (App) */,
				A1EDFAD82875897C00AC594F /* Shared (Extension) */,
				A1EDFAE02875897C00AC594F /* iOS (App) */,
				A1EDFAF12875897C00AC594F /* macOS (App) */,
				A1EDFB012875897C00AC594F /* iOS (Extension) */,
				A1EDFB0B2875897C00AC594F /* macOS (Extension) */,
				A1EDFADF2875897C00AC594F /* Products */,
			);
			sourceTree = "<group>";
		};
		A1EDFACF2875897B00AC594F /* Shared (App) */ = {
			isa = PBXGroup;
			children = (
				A1EDFAD62875897B00AC594F /* ViewController.swift */,
				A1EDFAD72875897C00AC594F /* Assets.xcassets */,
				A1EDFAD02875897B00AC594F /* Resources */,
			);
			path = "Shared (App)";
			sourceTree = "<group>";
		};
		A1EDFAD02875897B00AC594F /* Resources */ = {
			isa = PBXGroup;
			children = (
				A1EDFAD12875897B00AC594F /* Main.html */,
				A1EDFAD32875897B00AC594F /* Icon.png */,
				A1EDFAD42875897B00AC594F /* Style.css */,
				A1EDFAD52875897B00AC594F /* Script.js */,
			);
			path = Resources;
			sourceTree = "<group>";
		};
		A1EDFAD82875897C00AC594F /* Shared (Extension) */ = {
			isa = PBXGroup;
			children = (
				A1EDFB2C2875897C00AC594F /* Resources */,
				A1EDFAD92875897C00AC594F /* SafariWebExtensionHandler.swift */,
			);
			path = "Shared (Extension)";
			sourceTree = "<group>";
		};
		A1EDFADF2875897C00AC594F /* Products */ = {
			isa = PBXGroup;
			children = (
				A1EDFADE2875897C00AC594F /* Chrome React SEO Extension made by Phuc.app */,
				A1EDFAF02875897C00AC594F /* Chrome React SEO Extension made by Phuc.app */,
				A1EDFAFD2875897C00AC594F /* Chrome React SEO Extension made by Phuc Extension.appex */,
				A1EDFB072875897C00AC594F /* Chrome React SEO Extension made by Phuc Extension.appex */,
			);
			name = Products;
			sourceTree = "<group>";
		};
		A1EDFAE02875897C00AC594F /* iOS (App) */ = {
			isa = PBXGroup;
			children = (
				A1EDFAE12875897C00AC594F /* AppDelegate.swift */,
				A1EDFAE32875897C00AC594F /* SceneDelegate.swift */,
				A1EDFAE52875897C00AC594F /* LaunchScreen.storyboard */,
				A1EDFAE82875897C00AC594F /* Main.storyboard */,
				A1EDFAEB2875897C00AC594F /* Info.plist */,
			);
			path = "iOS (App)";
			sourceTree = "<group>";
		};
		A1EDFAF12875897C00AC594F /* macOS (App) */ = {
			isa = PBXGroup;
			children = (
				A1EDFAF22875897C00AC594F /* AppDelegate.swift */,
				A1EDFAF42875897C00AC594F /* Main.storyboard */,
				A1EDFAF72875897C00AC594F /* Info.plist */,
				A1EDFAF82875897C00AC594F /* Chrome React SEO Extension made by Phuc.entitlements */,
			);
			path = "macOS (App)";
			sourceTree = "<group>";
		};
		A1EDFB012875897C00AC594F /* iOS (Extension) */ = {
			isa = PBXGroup;
			children = (
				A1EDFB022875897C00AC594F /* Info.plist */,
			);
			path = "iOS (Extension)";
			sourceTree = "<group>";
		};
		A1EDFB0B2875897C00AC594F /* macOS (Extension) */ = {
			isa = PBXGroup;
			children = (
				A1EDFB0C2875897C00AC594F /* Info.plist */,
				A1EDFB0D2875897C00AC594F /* Chrome React SEO Extension made by Phuc.entitlements */,
			);
			path = "macOS (Extension)";
			sourceTree = "<group>";
		};
		A1EDFB2C2875897C00AC594F /* Resources */ = {
			isa = PBXGroup;
			children = (
				A1EDFB2D2875897C00AC594F /* favicon.ico */,
				A1EDFB2E2875897C00AC594F /* index.html */,
				A1EDFB2F2875897C00AC594F /* logo512.png */,
				A1EDFB302875897C00AC594F /* asset-manifest.json */,
				A1EDFB312875897C00AC594F /* static */,
				A1EDFB322875897C00AC594F /* manifest.json */,
				A1EDFB332875897C00AC594F /* robots.txt */,
				A1EDFB342875897C00AC594F /* logo192.png */,
			);
			name = Resources;
			path = "Shared (Extension)";
			sourceTree = SOURCE_ROOT;
		};
/* End PBXGroup section */

/* Begin PBXNativeTarget section */
		A1EDFADD2875897C00AC594F /* Chrome React SEO Extension made by Phuc (iOS) */ = {
			isa = PBXNativeTarget;
			buildConfigurationList = A1EDFB222875897C00AC594F /* Build configuration list for PBXNativeTarget "Chrome React SEO Extension made by Phuc (iOS)" */;
			buildPhases = (
				A1EDFADA2875897C00AC594F /* Sources */,
				A1EDFADB2875897C00AC594F /* Frameworks */,
				A1EDFADC2875897C00AC594F /* Resources */,
				A1EDFB212875897C00AC594F /* Embed App Extensions */,
			);
			buildRules = (
			);
			dependencies = (
				A1EDFB002875897C00AC594F /* PBXTargetDependency */,
			);
			name = "Chrome React SEO Extension made by Phuc (iOS)";
			productName = "Chrome React SEO Extension made by Phuc (iOS)";
			productReference = A1EDFADE2875897C00AC594F /* Chrome React SEO Extension made by Phuc.app */;
			productType = "com.apple.product-type.application";
		};
		A1EDFAEF2875897C00AC594F /* Chrome React SEO Extension made by Phuc (macOS) */ = {
			isa = PBXNativeTarget;
			buildConfigurationList = A1EDFB292875897C00AC594F /* Build configuration list for PBXNativeTarget "Chrome React SEO Extension made by Phuc (macOS)" */;
			buildPhases = (
				A1EDFAEC2875897C00AC594F /* Sources */,
				A1EDFAED2875897C00AC594F /* Frameworks */,
				A1EDFAEE2875897C00AC594F /* Resources */,
				A1EDFB282875897C00AC594F /* Embed App Extensions */,
			);
			buildRules = (
			);
			dependencies = (
				A1EDFB0A2875897C00AC594F /* PBXTargetDependency */,
			);
			name = "Chrome React SEO Extension made by Phuc (macOS)";
			productName = "Chrome React SEO Extension made by Phuc (macOS)";
			productReference = A1EDFAF02875897C00AC594F /* Chrome React SEO Extension made by Phuc.app */;
			productType = "com.apple.product-type.application";
		};
		A1EDFAFC2875897C00AC594F /* Chrome React SEO Extension made by Phuc Extension (iOS) */ = {
			isa = PBXNativeTarget;
			buildConfigurationList = A1EDFB1E2875897C00AC594F /* Build configuration list for PBXNativeTarget "Chrome React SEO Extension made by Phuc Extension (iOS)" */;
			buildPhases = (
				A1EDFAF92875897C00AC594F /* Sources */,
				A1EDFAFA2875897C00AC594F /* Frameworks */,
				A1EDFAFB2875897C00AC594F /* Resources */,
			);
			buildRules = (
			);
			dependencies = (
			);
			name = "Chrome React SEO Extension made by Phuc Extension (iOS)";
			productName = "Chrome React SEO Extension made by Phuc Extension (iOS)";
			productReference = A1EDFAFD2875897C00AC594F /* Chrome React SEO Extension made by Phuc Extension.appex */;
			productType = "com.apple.product-type.app-extension";
		};
		A1EDFB062875897C00AC594F /* Chrome React SEO Extension made by Phuc Extension (macOS) */ = {
			isa = PBXNativeTarget;
			buildConfigurationList = A1EDFB252875897C00AC594F /* Build configuration list for PBXNativeTarget "Chrome React SEO Extension made by Phuc Extension (macOS)" */;
			buildPhases = (
				A1EDFB032875897C00AC594F /* Sources */,
				A1EDFB042875897C00AC594F /* Frameworks */,
				A1EDFB052875897C00AC594F /* Resources */,
			);
			buildRules = (
			);
			dependencies = (
			);
			name = "Chrome React SEO Extension made by Phuc Extension (macOS)";
			productName = "Chrome React SEO Extension made by Phuc Extension (macOS)";
			productReference = A1EDFB072875897C00AC594F /* Chrome React SEO Extension made by Phuc Extension.appex */;
			productType = "com.apple.product-type.app-extension";
		};
/* End PBXNativeTarget section */

/* Begin PBXProject section */
		A1EDFACB2875897B00AC594F /* Project object */ = {
			isa = PBXProject;
			attributes = {
				BuildIndependentTargetsInParallel = 1;
				LastSwiftUpdateCheck = 1340;
				LastUpgradeCheck = 1340;
				TargetAttributes = {
					A1EDFADD2875897C00AC594F = {
						CreatedOnToolsVersion = 13.4.1;
					};
					A1EDFAEF2875897C00AC594F = {
						CreatedOnToolsVersion = 13.4.1;
					};
					A1EDFAFC2875897C00AC594F = {
						CreatedOnToolsVersion = 13.4.1;
					};
					A1EDFB062875897C00AC594F = {
						CreatedOnToolsVersion = 13.4.1;
					};
				};
			};
			buildConfigurationList = A1EDFACE2875897B00AC594F /* Build configuration list for PBXProject "Chrome React SEO Extension made by Phuc" */;
			compatibilityVersion = "Xcode 13.0";
			developmentRegion = en;
			hasScannedForEncodings = 0;
			knownRegions = (
				en,
				Base,
			);
			mainGroup = A1EDFACA2875897B00AC594F;
			productRefGroup = A1EDFADF2875897C00AC594F /* Products */;
			projectDirPath = "";
			projectRoot = "";
			targets = (
				A1EDFADD2875897C00AC594F /* Chrome React SEO Extension made by Phuc (iOS) */,
				A1EDFAEF2875897C00AC594F /* Chrome React SEO Extension made by Phuc (macOS) */,
				A1EDFAFC2875897C00AC594F /* Chrome React SEO Extension made by Phuc Extension (iOS) */,
				A1EDFB062875897C00AC594F /* Chrome React SEO Extension made by Phuc Extension (macOS) */,
			);
		};
/* End PBXProject section */

/* Begin PBXResourcesBuildPhase section */
		A1EDFADC2875897C00AC594F /* Resources */ = {
			isa = PBXResourcesBuildPhase;
			buildActionMask = 2147483647;
			files = (
				A1EDFB102875897C00AC594F /* Icon.png in Resources */,
				A1EDFAE72875897C00AC594F /* LaunchScreen.storyboard in Resources */,
				A1EDFB0E2875897C00AC594F /* Main.html in Resources */,
				A1EDFB142875897C00AC594F /* Script.js in Resources */,
				A1EDFB182875897C00AC594F /* Assets.xcassets in Resources */,
				A1EDFAEA2875897C00AC594F /* Main.storyboard in Resources */,
				A1EDFB122875897C00AC594F /* Style.css in Resources */,
			);
			runOnlyForDeploymentPostprocessing = 0;
		};
		A1EDFAEE2875897C00AC594F /* Resources */ = {
			isa = PBXResourcesBuildPhase;
			buildActionMask = 2147483647;
			files = (
				A1EDFB112875897C00AC594F /* Icon.png in Resources */,
				A1EDFB132875897C00AC594F /* Style.css in Resources */,
				A1EDFAF62875897C00AC594F /* Main.storyboard in Resources */,
				A1EDFB152875897C00AC594F /* Script.js in Resources */,
				A1EDFB192875897C00AC594F /* Assets.xcassets in Resources */,
				A1EDFB0F2875897C00AC594F /* Main.html in Resources */,
			);
			runOnlyForDeploymentPostprocessing = 0;
		};
		A1EDFAFB2875897C00AC594F /* Resources */ = {
			isa = PBXResourcesBuildPhase;
			buildActionMask = 2147483647;
			files = (
				A1EDFB412875897C00AC594F /* static in Resources */,
				A1EDFB3D2875897C00AC594F /* favicon.ico in Resources */,
				A1EDFB3E2875897C00AC594F /* index.html in Resources */,
				A1EDFB442875897C00AC594F /* logo192.png in Resources */,
				A1EDFB3F2875897C00AC594F /* logo512.png in Resources */,
				A1EDFB422875897C00AC594F /* manifest.json in Resources */,
				A1EDFB432875897C00AC594F /* robots.txt in Resources */,
				A1EDFB402875897C00AC594F /* asset-manifest.json in Resources */,
			);
			runOnlyForDeploymentPostprocessing = 0;
		};
		A1EDFB052875897C00AC594F /* Resources */ = {
			isa = PBXResourcesBuildPhase;
			buildActionMask = 2147483647;
			files = (
				A1EDFB392875897C00AC594F /* static in Resources */,
				A1EDFB352875897C00AC594F /* favicon.ico in Resources */,
				A1EDFB362875897C00AC594F /* index.html in Resources */,
				A1EDFB3C2875897C00AC594F /* logo192.png in Resources */,
				A1EDFB372875897C00AC594F /* logo512.png in Resources */,
				A1EDFB3A2875897C00AC594F /* manifest.json in Resources */,
				A1EDFB3B2875897C00AC594F /* robots.txt in Resources */,
				A1EDFB382875897C00AC594F /* asset-manifest.json in Resources */,
			);
			runOnlyForDeploymentPostprocessing = 0;
		};
/* End PBXResourcesBuildPhase section */

/* Begin PBXSourcesBuildPhase section */
		A1EDFADA2875897C00AC594F /* Sources */ = {
			isa = PBXSourcesBuildPhase;
			buildActionMask = 2147483647;
			files = (
				A1EDFB162875897C00AC594F /* ViewController.swift in Sources */,
				A1EDFAE22875897C00AC594F /* AppDelegate.swift in Sources */,
				A1EDFAE42875897C00AC594F /* SceneDelegate.swift in Sources */,
			);
			runOnlyForDeploymentPostprocessing = 0;
		};
		A1EDFAEC2875897C00AC594F /* Sources */ = {
			isa = PBXSourcesBuildPhase;
			buildActionMask = 2147483647;
			files = (
				A1EDFB172875897C00AC594F /* ViewController.swift in Sources */,
				A1EDFAF32875897C00AC594F /* AppDelegate.swift in Sources */,
			);
			runOnlyForDeploymentPostprocessing = 0;
		};
		A1EDFAF92875897C00AC594F /* Sources */ = {
			isa = PBXSourcesBuildPhase;
			buildActionMask = 2147483647;
			files = (
				A1EDFB1A2875897C00AC594F /* SafariWebExtensionHandler.swift in Sources */,
			);
			runOnlyForDeploymentPostprocessing = 0;
		};
		A1EDFB032875897C00AC594F /* Sources */ = {
			isa = PBXSourcesBuildPhase;
			buildActionMask = 2147483647;
			files = (
				A1EDFB1B2875897C00AC594F /* SafariWebExtensionHandler.swift in Sources */,
			);
			runOnlyForDeploymentPostprocessing = 0;
		};
/* End PBXSourcesBuildPhase section */

/* Begin PBXTargetDependency section */
		A1EDFB002875897C00AC594F /* PBXTargetDependency */ = {
			isa = PBXTargetDependency;
			target = A1EDFAFC2875897C00AC594F /* Chrome React SEO Extension made by Phuc Extension (iOS) */;
			targetProxy = A1EDFAFF2875897C00AC594F /* PBXContainerItemProxy */;
		};
		A1EDFB0A2875897C00AC594F /* PBXTargetDependency */ = {
			isa = PBXTargetDependency;
			target = A1EDFB062875897C00AC594F /* Chrome React SEO Extension made by Phuc Extension (macOS) */;
			targetProxy = A1EDFB092875897C00AC594F /* PBXContainerItemProxy */;
		};
/* End PBXTargetDependency section */

/* Begin PBXVariantGroup section */
		A1EDFAD12875897B00AC594F /* Main.html */ = {
			isa = PBXVariantGroup;
			children = (
				A1EDFAD22875897B00AC594F /* Base */,
			);
			name = Main.html;
			sourceTree = "<group>";
		};
		A1EDFAE52875897C00AC594F /* LaunchScreen.storyboard */ = {
			isa = PBXVariantGroup;
			children = (
				A1EDFAE62875897C00AC594F /* Base */,
			);
			name = LaunchScreen.storyboard;
			sourceTree = "<group>";
		};
		A1EDFAE82875897C00AC594F /* Main.storyboard */ = {
			isa = PBXVariantGroup;
			children = (
				A1EDFAE92875897C00AC594F /* Base */,
			);
			name = Main.storyboard;
			sourceTree = "<group>";
		};
		A1EDFAF42875897C00AC594F /* Main.storyboard */ = {
			isa = PBXVariantGroup;
			children = (
				A1EDFAF52875897C00AC594F /* Base */,
			);
			name = Main.storyboard;
			sourceTree = "<group>";
		};
/* End PBXVariantGroup section */

/* Begin XCBuildConfiguration section */
		A1EDFB1C2875897C00AC594F /* Debug */ = {
			isa = XCBuildConfiguration;
			buildSettings = {
				ALWAYS_SEARCH_USER_PATHS = NO;
				CLANG_ANALYZER_NONNULL = YES;
				CLANG_ANALYZER_NUMBER_OBJECT_CONVERSION = YES_AGGRESSIVE;
				CLANG_CXX_LANGUAGE_STANDARD = "gnu++17";
				CLANG_ENABLE_MODULES = YES;
				CLANG_ENABLE_OBJC_ARC = YES;
				CLANG_ENABLE_OBJC_WEAK = YES;
				CLANG_WARN_BLOCK_CAPTURE_AUTORELEASING = YES;
				CLANG_WARN_BOOL_CONVERSION = YES;
				CLANG_WARN_COMMA = YES;
				CLANG_WARN_CONSTANT_CONVERSION = YES;
				CLANG_WARN_DEPRECATED_OBJC_IMPLEMENTATIONS = YES;
				CLANG_WARN_DIRECT_OBJC_ISA_USAGE = YES_ERROR;
				CLANG_WARN_DOCUMENTATION_COMMENTS = YES;
				CLANG_WARN_EMPTY_BODY = YES;
				CLANG_WARN_ENUM_CONVERSION = YES;
				CLANG_WARN_INFINITE_RECURSION = YES;
				CLANG_WARN_INT_CONVERSION = YES;
				CLANG_WARN_NON_LITERAL_NULL_CONVERSION = YES;
				CLANG_WARN_OBJC_IMPLICIT_RETAIN_SELF = YES;
				CLANG_WARN_OBJC_LITERAL_CONVERSION = YES;
				CLANG_WARN_OBJC_ROOT_CLASS = YES_ERROR;
				CLANG_WARN_QUOTED_INCLUDE_IN_FRAMEWORK_HEADER = YES;
				CLANG_WARN_RANGE_LOOP_ANALYSIS = YES;
				CLANG_WARN_STRICT_PROTOTYPES = YES;
				CLANG_WARN_SUSPICIOUS_MOVE = YES;
				CLANG_WARN_UNGUARDED_AVAILABILITY = YES_AGGRESSIVE;
				CLANG_WARN_UNREACHABLE_CODE = YES;
				CLANG_WARN__DUPLICATE_METHOD_MATCH = YES;
				COPY_PHASE_STRIP = NO;
				DEBUG_INFORMATION_FORMAT = dwarf;
				ENABLE_STRICT_OBJC_MSGSEND = YES;
				ENABLE_TESTABILITY = YES;
				GCC_C_LANGUAGE_STANDARD = gnu11;
				GCC_DYNAMIC_NO_PIC = NO;
				GCC_NO_COMMON_BLOCKS = YES;
				GCC_OPTIMIZATION_LEVEL = 0;
				GCC_PREPROCESSOR_DEFINITIONS = (
					"DEBUG=1",
					"$(inherited)",
				);
				GCC_WARN_64_TO_32_BIT_CONVERSION = YES;
				GCC_WARN_ABOUT_RETURN_TYPE = YES_ERROR;
				GCC_WARN_UNDECLARED_SELECTOR = YES;
				GCC_WARN_UNINITIALIZED_AUTOS = YES_AGGRESSIVE;
				GCC_WARN_UNUSED_FUNCTION = YES;
				GCC_WARN_UNUSED_VARIABLE = YES;
				MTL_ENABLE_DEBUG_INFO = INCLUDE_SOURCE;
				MTL_FAST_MATH = YES;
				ONLY_ACTIVE_ARCH = YES;
				SWIFT_ACTIVE_COMPILATION_CONDITIONS = DEBUG;
				SWIFT_OPTIMIZATION_LEVEL = "-Onone";
			};
			name = Debug;
		};
		A1EDFB1D2875897C00AC594F /* Release */ = {
			isa = XCBuildConfiguration;
			buildSettings = {
				ALWAYS_SEARCH_USER_PATHS = NO;
				CLANG_ANALYZER_NONNULL = YES;
				CLANG_ANALYZER_NUMBER_OBJECT_CONVERSION = YES_AGGRESSIVE;
				CLANG_CXX_LANGUAGE_STANDARD = "gnu++17";
				CLANG_ENABLE_MODULES = YES;
				CLANG_ENABLE_OBJC_ARC = YES;
				CLANG_ENABLE_OBJC_WEAK = YES;
				CLANG_WARN_BLOCK_CAPTURE_AUTORELEASING = YES;
				CLANG_WARN_BOOL_CONVERSION = YES;
				CLANG_WARN_COMMA = YES;
				CLANG_WARN_CONSTANT_CONVERSION = YES;
				CLANG_WARN_DEPRECATED_OBJC_IMPLEMENTATIONS = YES;
				CLANG_WARN_DIRECT_OBJC_ISA_USAGE = YES_ERROR;
				CLANG_WARN_DOCUMENTATION_COMMENTS = YES;
				CLANG_WARN_EMPTY_BODY = YES;
				CLANG_WARN_ENUM_CONVERSION = YES;
				CLANG_WARN_INFINITE_RECURSION = YES;
				CLANG_WARN_INT_CONVERSION = YES;
				CLANG_WARN_NON_LITERAL_NULL_CONVERSION = YES;
				CLANG_WARN_OBJC_IMPLICIT_RETAIN_SELF = YES;
				CLANG_WARN_OBJC_LITERAL_CONVERSION = YES;
				CLANG_WARN_OBJC_ROOT_CLASS = YES_ERROR;
				CLANG_WARN_QUOTED_INCLUDE_IN_FRAMEWORK_HEADER = YES;
				CLANG_WARN_RANGE_LOOP_ANALYSIS = YES;
				CLANG_WARN_STRICT_PROTOTYPES = YES;
				CLANG_WARN_SUSPICIOUS_MOVE = YES;
				CLANG_WARN_UNGUARDED_AVAILABILITY = YES_AGGRESSIVE;
				CLANG_WARN_UNREACHABLE_CODE = YES;
				CLANG_WARN__DUPLICATE_METHOD_MATCH = YES;
				COPY_PHASE_STRIP = NO;
				DEBUG_INFORMATION_FORMAT = "dwarf-with-dsym";
				ENABLE_NS_ASSERTIONS = NO;
				ENABLE_STRICT_OBJC_MSGSEND = YES;
				GCC_C_LANGUAGE_STANDARD = gnu11;
				GCC_NO_COMMON_BLOCKS = YES;
				GCC_WARN_64_TO_32_BIT_CONVERSION = YES;
				GCC_WARN_ABOUT_RETURN_TYPE = YES_ERROR;
				GCC_WARN_UNDECLARED_SELECTOR = YES;
				GCC_WARN_UNINITIALIZED_AUTOS = YES_AGGRESSIVE;
				GCC_WARN_UNUSED_FUNCTION = YES;
				GCC_WARN_UNUSED_VARIABLE = YES;
				MTL_ENABLE_DEBUG_INFO = NO;
				MTL_FAST_MATH = YES;
				SWIFT_COMPILATION_MODE = wholemodule;
				SWIFT_OPTIMIZATION_LEVEL = "-O";
			};
			name = Release;
		};
		A1EDFB1F2875897C00AC594F /* Debug */ = {
			isa = XCBuildConfiguration;
			buildSettings = {
				CODE_SIGN_STYLE = Automatic;
				CURRENT_PROJECT_VERSION = 1;
				GENERATE_INFOPLIST_FILE = YES;
				INFOPLIST_FILE = "iOS (Extension)/Info.plist";
				INFOPLIST_KEY_CFBundleDisplayName = "Chrome React SEO Extension made by Phuc Extension";
				INFOPLIST_KEY_NSHumanReadableCopyright = "";
				IPHONEOS_DEPLOYMENT_TARGET = 15.0;
				LD_RUNPATH_SEARCH_PATHS = (
					"$(inherited)",
					"@executable_path/Frameworks",
					"@executable_path/../../Frameworks",
				);
				MARKETING_VERSION = 1.0;
				OTHER_LDFLAGS = (
					"-framework",
					SafariServices,
				);
				PRODUCT_BUNDLE_IDENTIFIER = "com.yourCompany.Chrome-React-SEO-Extension-made-by-Phuc.Extension";
				PRODUCT_NAME = "Chrome React SEO Extension made by Phuc Extension";
				SDKROOT = iphoneos;
				SKIP_INSTALL = YES;
				SWIFT_EMIT_LOC_STRINGS = YES;
				SWIFT_VERSION = 5.0;
				TARGETED_DEVICE_FAMILY = "1,2";
			};
			name = Debug;
		};
		A1EDFB202875897C00AC594F /* Release */ = {
			isa = XCBuildConfiguration;
			buildSettings = {
				CODE_SIGN_STYLE = Automatic;
				CURRENT_PROJECT_VERSION = 1;
				GENERATE_INFOPLIST_FILE = YES;
				INFOPLIST_FILE = "iOS (Extension)/Info.plist";
				INFOPLIST_KEY_CFBundleDisplayName = "Chrome React SEO Extension made by Phuc Extension";
				INFOPLIST_KEY_NSHumanReadableCopyright = "";
				IPHONEOS_DEPLOYMENT_TARGET = 15.0;
				LD_RUNPATH_SEARCH_PATHS = (
					"$(inherited)",
					"@executable_path/Frameworks",
					"@executable_path/../../Frameworks",
				);
				MARKETING_VERSION = 1.0;
				OTHER_LDFLAGS = (
					"-framework",
					SafariServices,
				);
				PRODUCT_BUNDLE_IDENTIFIER = "com.yourCompany.Chrome-React-SEO-Extension-made-by-Phuc.Extension";
				PRODUCT_NAME = "Chrome React SEO Extension made by Phuc Extension";
				SDKROOT = iphoneos;
				SKIP_INSTALL = YES;
				SWIFT_EMIT_LOC_STRINGS = YES;
				SWIFT_VERSION = 5.0;
				TARGETED_DEVICE_FAMILY = "1,2";
				VALIDATE_PRODUCT = YES;
			};
			name = Release;
		};
		A1EDFB232875897C00AC594F /* Debug */ = {
			isa = XCBuildConfiguration;
			buildSettings = {
				ALWAYS_EMBED_SWIFT_STANDARD_LIBRARIES = YES;
				ASSETCATALOG_COMPILER_APPICON_NAME = AppIcon;
				ASSETCATALOG_COMPILER_GLOBAL_ACCENT_COLOR_NAME = AccentColor;
				CODE_SIGN_STYLE = Automatic;
				CURRENT_PROJECT_VERSION = 1;
				GENERATE_INFOPLIST_FILE = YES;
				INFOPLIST_FILE = "iOS (App)/Info.plist";
				INFOPLIST_KEY_CFBundleDisplayName = "Chrome React SEO Extension made by Phuc";
				INFOPLIST_KEY_UIApplicationSupportsIndirectInputEvents = YES;
				INFOPLIST_KEY_UILaunchStoryboardName = LaunchScreen;
				INFOPLIST_KEY_UIMainStoryboardFile = Main;
				INFOPLIST_KEY_UISupportedInterfaceOrientations = "UIInterfaceOrientationPortrait UIInterfaceOrientationLandscapeLeft UIInterfaceOrientationLandscapeRight";
				INFOPLIST_KEY_UISupportedInterfaceOrientations_iPad = "UIInterfaceOrientationPortrait UIInterfaceOrientationPortraitUpsideDown UIInterfaceOrientationLandscapeLeft UIInterfaceOrientationLandscapeRight";
				IPHONEOS_DEPLOYMENT_TARGET = 15.0;
				LD_RUNPATH_SEARCH_PATHS = (
					"$(inherited)",
					"@executable_path/Frameworks",
				);
				MARKETING_VERSION = 1.0;
				OTHER_LDFLAGS = (
					"-framework",
					SafariServices,
					"-framework",
					WebKit,
				);
				PRODUCT_BUNDLE_IDENTIFIER = "com.yourCompany.Chrome-React-SEO-Extension-made-by-Phuc";
				PRODUCT_NAME = "Chrome React SEO Extension made by Phuc";
				SDKROOT = iphoneos;
				SWIFT_EMIT_LOC_STRINGS = YES;
				SWIFT_VERSION = 5.0;
				TARGETED_DEVICE_FAMILY = "1,2";
			};
			name = Debug;
		};
		A1EDFB242875897C00AC594F /* Release */ = {
			isa = XCBuildConfiguration;
			buildSettings = {
				ALWAYS_EMBED_SWIFT_STANDARD_LIBRARIES = YES;
				ASSETCATALOG_COMPILER_APPICON_NAME = AppIcon;
				ASSETCATALOG_COMPILER_GLOBAL_ACCENT_COLOR_NAME = AccentColor;
				CODE_SIGN_STYLE = Automatic;
				CURRENT_PROJECT_VERSION = 1;
				GENERATE_INFOPLIST_FILE = YES;
				INFOPLIST_FILE = "iOS (App)/Info.plist";
				INFOPLIST_KEY_CFBundleDisplayName = "Chrome React SEO Extension made by Phuc";
				INFOPLIST_KEY_UIApplicationSupportsIndirectInputEvents = YES;
				INFOPLIST_KEY_UILaunchStoryboardName = LaunchScreen;
				INFOPLIST_KEY_UIMainStoryboardFile = Main;
				INFOPLIST_KEY_UISupportedInterfaceOrientations = "UIInterfaceOrientationPortrait UIInterfaceOrientationLandscapeLeft UIInterfaceOrientationLandscapeRight";
				INFOPLIST_KEY_UISupportedInterfaceOrientations_iPad = "UIInterfaceOrientationPortrait UIInterfaceOrientationPortraitUpsideDown UIInterfaceOrientationLandscapeLeft UIInterfaceOrientationLandscapeRight";
				IPHONEOS_DEPLOYMENT_TARGET = 15.0;
				LD_RUNPATH_SEARCH_PATHS = (
					"$(inherited)",
					"@executable_path/Frameworks",
				);
				MARKETING_VERSION = 1.0;
				OTHER_LDFLAGS = (
					"-framework",
					SafariServices,
					"-framework",
					WebKit,
				);
				PRODUCT_BUNDLE_IDENTIFIER = "com.yourCompany.Chrome-React-SEO-Extension-made-by-Phuc";
				PRODUCT_NAME = "Chrome React SEO Extension made by Phuc";
				SDKROOT = iphoneos;
				SWIFT_EMIT_LOC_STRINGS = YES;
				SWIFT_VERSION = 5.0;
				TARGETED_DEVICE_FAMILY = "1,2";
				VALIDATE_PRODUCT = YES;
			};
			name = Release;
		};
		A1EDFB262875897C00AC594F /* Debug */ = {
			isa = XCBuildConfiguration;
			buildSettings = {
				CODE_SIGN_ENTITLEMENTS = "macOS (Extension)/Chrome React SEO Extension made by Phuc.entitlements";
				CODE_SIGN_STYLE = Automatic;
				CURRENT_PROJECT_VERSION = 1;
				ENABLE_HARDENED_RUNTIME = YES;
				GENERATE_INFOPLIST_FILE = YES;
				INFOPLIST_FILE = "macOS (Extension)/Info.plist";
				INFOPLIST_KEY_CFBundleDisplayName = "Chrome React SEO Extension made by Phuc Extension";
				INFOPLIST_KEY_NSHumanReadableCopyright = "";
				LD_RUNPATH_SEARCH_PATHS = (
					"$(inherited)",
					"@executable_path/../Frameworks",
					"@executable_path/../../../../Frameworks",
				);
				MACOSX_DEPLOYMENT_TARGET = 10.14;
				MARKETING_VERSION = 1.0;
				OTHER_LDFLAGS = (
					"-framework",
					SafariServices,
				);
				PRODUCT_BUNDLE_IDENTIFIER = "com.yourCompany.Chrome-React-SEO-Extension-made-by-Phuc.Extension";
				PRODUCT_NAME = "Chrome React SEO Extension made by Phuc Extension";
				SDKROOT = macosx;
				SKIP_INSTALL = YES;
				SWIFT_EMIT_LOC_STRINGS = YES;
				SWIFT_VERSION = 5.0;
			};
			name = Debug;
		};
		A1EDFB272875897C00AC594F /* Release */ = {
			isa = XCBuildConfiguration;
			buildSettings = {
				CODE_SIGN_ENTITLEMENTS = "macOS (Extension)/Chrome React SEO Extension made by Phuc.entitlements";
				CODE_SIGN_STYLE = Automatic;
				CURRENT_PROJECT_VERSION = 1;
				ENABLE_HARDENED_RUNTIME = YES;
				GENERATE_INFOPLIST_FILE = YES;
				INFOPLIST_FILE = "macOS (Extension)/Info.plist";
				INFOPLIST_KEY_CFBundleDisplayName = "Chrome React SEO Extension made by Phuc Extension";
				INFOPLIST_KEY_NSHumanReadableCopyright = "";
				LD_RUNPATH_SEARCH_PATHS = (
					"$(inherited)",
					"@executable_path/../Frameworks",
					"@executable_path/../../../../Frameworks",
				);
				MACOSX_DEPLOYMENT_TARGET = 10.14;
				MARKETING_VERSION = 1.0;
				OTHER_LDFLAGS = (
					"-framework",
					SafariServices,
				);
				PRODUCT_BUNDLE_IDENTIFIER = "com.yourCompany.Chrome-React-SEO-Extension-made-by-Phuc.Extension";
				PRODUCT_NAME = "Chrome React SEO Extension made by Phuc Extension";
				SDKROOT = macosx;
				SKIP_INSTALL = YES;
				SWIFT_EMIT_LOC_STRINGS = YES;
				SWIFT_VERSION = 5.0;
			};
			name = Release;
		};
		A1EDFB2A2875897C00AC594F /* Debug */ = {
			isa = XCBuildConfiguration;
			buildSettings = {
				ALWAYS_EMBED_SWIFT_STANDARD_LIBRARIES = YES;
				ASSETCATALOG_COMPILER_APPICON_NAME = AppIcon;
				ASSETCATALOG_COMPILER_GLOBAL_ACCENT_COLOR_NAME = AccentColor;
				CODE_SIGN_ENTITLEMENTS = "macOS (App)/Chrome React SEO Extension made by Phuc.entitlements";
				CODE_SIGN_STYLE = Automatic;
				CURRENT_PROJECT_VERSION = 1;
				ENABLE_HARDENED_RUNTIME = YES;
				GENERATE_INFOPLIST_FILE = YES;
				INFOPLIST_FILE = "macOS (App)/Info.plist";
				INFOPLIST_KEY_CFBundleDisplayName = "Chrome React SEO Extension made by Phuc";
				INFOPLIST_KEY_NSMainStoryboardFile = Main;
				INFOPLIST_KEY_NSPrincipalClass = NSApplication;
				LD_RUNPATH_SEARCH_PATHS = (
					"$(inherited)",
					"@executable_path/../Frameworks",
				);
				MACOSX_DEPLOYMENT_TARGET = 10.14;
				MARKETING_VERSION = 1.0;
				OTHER_LDFLAGS = (
					"-framework",
					SafariServices,
					"-framework",
					WebKit,
				);
				PRODUCT_BUNDLE_IDENTIFIER = "com.yourCompany.Chrome-React-SEO-Extension-made-by-Phuc";
				PRODUCT_NAME = "Chrome React SEO Extension made by Phuc";
				SDKROOT = macosx;
				SWIFT_EMIT_LOC_STRINGS = YES;
				SWIFT_VERSION = 5.0;
			};
			name = Debug;
		};
		A1EDFB2B2875897C00AC594F /* Release */ = {
			isa = XCBuildConfiguration;
			buildSettings = {
				ALWAYS_EMBED_SWIFT_STANDARD_LIBRARIES = YES;
				ASSETCATALOG_COMPILER_APPICON_NAME = AppIcon;
				ASSETCATALOG_COMPILER_GLOBAL_ACCENT_COLOR_NAME = AccentColor;
				CODE_SIGN_ENTITLEMENTS = "macOS (App)/Chrome React SEO Extension made by Phuc.entitlements";
				CODE_SIGN_STYLE = Automatic;
				CURRENT_PROJECT_VERSION = 1;
				ENABLE_HARDENED_RUNTIME = YES;
				GENERATE_INFOPLIST_FILE = YES;
				INFOPLIST_FILE = "macOS (App)/Info.plist";
				INFOPLIST_KEY_CFBundleDisplayName = "Chrome React SEO Extension made by Phuc";
				INFOPLIST_KEY_NSMainStoryboardFile = Main;
				INFOPLIST_KEY_NSPrincipalClass = NSApplication;
				LD_RUNPATH_SEARCH_PATHS = (
					"$(inherited)",
					"@executable_path/../Frameworks",
				);
				MACOSX_DEPLOYMENT_TARGET = 10.14;
				MARKETING_VERSION = 1.0;
				OTHER_LDFLAGS = (
					"-framework",
					SafariServices,
					"-framework",
					WebKit,
				);
				PRODUCT_BUNDLE_IDENTIFIER = "com.yourCompany.Chrome-React-SEO-Extension-made-by-Phuc";
				PRODUCT_NAME = "Chrome React SEO Extension made by Phuc";
				SDKROOT = macosx;
				SWIFT_EMIT_LOC_STRINGS = YES;
				SWIFT_VERSION = 5.0;
			};
			name = Release;
		};
/* End XCBuildConfiguration section */

/* Begin XCConfigurationList section */
		A1EDFACE2875897B00AC594F /* Build configuration list for PBXProject "Chrome React SEO Extension made by Phuc" */ = {
			isa = XCConfigurationList;
			buildConfigurations = (
				A1EDFB1C2875897C00AC594F /* Debug */,
				A1EDFB1D2875897C00AC594F /* Release */,
			);
			defaultConfigurationIsVisible = 0;
			defaultConfigurationName = Release;
		};
		A1EDFB1E2875897C00AC594F /* Build configuration list for PBXNativeTarget "Chrome React SEO Extension made by Phuc Extension (iOS)" */ = {
			isa = XCConfigurationList;
			buildConfigurations = (
				A1EDFB1F2875897C00AC594F /* Debug */,
				A1EDFB202875897C00AC594F /* Release */,
			);
			defaultConfigurationIsVisible = 0;
			defaultConfigurationName = Release;
		};
		A1EDFB222875897C00AC594F /* Build configuration list for PBXNativeTarget "Chrome React SEO Extension made by Phuc (iOS)" */ = {
			isa = XCConfigurationList;
			buildConfigurations = (
				A1EDFB232875897C00AC594F /* Debug */,
				A1EDFB242875897C00AC594F /* Release */,
			);
			defaultConfigurationIsVisible = 0;
			defaultConfigurationName = Release;
		};
		A1EDFB252875897C00AC594F /* Build configuration list for PBXNativeTarget "Chrome React SEO Extension made by Phuc Extension (macOS)" */ = {
			isa = XCConfigurationList;
			buildConfigurations = (
				A1EDFB262875897C00AC594F /* Debug */,
				A1EDFB272875897C00AC594F /* Release */,
			);
			defaultConfigurationIsVisible = 0;
			defaultConfigurationName = Release;
		};
		A1EDFB292875897C00AC594F /* Build configuration list for PBXNativeTarget "Chrome React SEO Extension made by Phuc (macOS)" */ = {
			isa = XCConfigurationList;
			buildConfigurations = (
				A1EDFB2A2875897C00AC594F /* Debug */,
				A1EDFB2B2875897C00AC594F /* Release */,
			);
			defaultConfigurationIsVisible = 0;
			defaultConfigurationName = Release;
		};
/* End XCConfigurationList section */
	};
	rootObject = A1EDFACB2875897B00AC594F /* Project object */;
}
